<?xml version="1.0" encoding="utf-8"?>
<Project ToolsVersion="4.0" xmlns="http://schemas.microsoft.com/developer/msbuild/2003">
  <ItemGroup>
    <ClCompile Include="hoa.library.cpp" />
    <ClCompile Include="Sources\hoa.decoder_tilde.cpp">
      <Filter>Sources</Filter>
    </ClCompile>
    <ClCompile Include="Sources\hoa.encoder_tilde.cpp">
      <Filter>Sources</Filter>
    </ClCompile>
    <ClCompile Include="Sources\hoa.exchanger_tilde.cpp">
      <Filter>Sources</Filter>
    </ClCompile>
    <ClCompile Include="Sources\hoa.io.cpp">
      <Filter>Sources</Filter>
    </ClCompile>
    <ClCompile Include="Sources\hoa.map_gui.cpp">
      <Filter>Sources</Filter>
    </ClCompile>
    <ClCompile Include="Sources\hoa.map_tilde.cpp">
      <Filter>Sources</Filter>
    </ClCompile>
    <ClCompile Include="Sources\hoa.meter_gui_tilde.cpp">
      <Filter>Sources</Filter>
    </ClCompile>
    <ClCompile Include="Sources\hoa.optim_tilde.cpp">
      <Filter>Sources</Filter>
    </ClCompile>
    <ClCompile Include="Sources\hoa.process_tilde.cpp">
      <Filter>Sources</Filter>
    </ClCompile>
    <ClCompile Include="Sources\hoa.projector_tilde.cpp">
      <Filter>Sources</Filter>
    </ClCompile>
    <ClCompile Include="Sources\hoa.recomposer_tilde.cpp">
      <Filter>Sources</Filter>
    </ClCompile>
    <ClCompile Include="Sources\hoa.rotate_tilde.cpp">
      <Filter>Sources</Filter>
    </ClCompile>
    <ClCompile Include="Sources\hoa.scope_gui_tilde.cpp">
      <Filter>Sources</Filter>
    </ClCompile>
    <ClCompile Include="Sources\hoa.space_gui.cpp">
      <Filter>Sources</Filter>
    </ClCompile>
    <ClCompile Include="Sources\hoa.tools.cpp">
      <Filter>Sources</Filter>
    </ClCompile>
    <ClCompile Include="Sources\hoa.wider_tilde.cpp">
      <Filter>Sources</Filter>
    </ClCompile>
    <ClCompile Include="ThirdParty\CicmWrapper\Sources\ebox.c">
      <Filter>ThirdParty\CicmWrapper\Sources</Filter>
    </ClCompile>
    <ClCompile Include="ThirdParty\CicmWrapper\Sources\eclass.c">
      <Filter>ThirdParty\CicmWrapper\Sources</Filter>
    </ClCompile>
    <ClCompile Include="ThirdParty\CicmWrapper\Sources\ecommon.c">
      <Filter>ThirdParty\CicmWrapper\Sources</Filter>
    </ClCompile>
    <ClCompile Include="ThirdParty\CicmWrapper\Sources\egraphics.c">
      <Filter>ThirdParty\CicmWrapper\Sources</Filter>
    </ClCompile>
    <ClCompile Include="ThirdParty\CicmWrapper\Sources\eobj.c">
      <Filter>ThirdParty\CicmWrapper\Sources</Filter>
    </ClCompile>
    <ClCompile Include="ThirdParty\CicmWrapper\Sources\epopup.c">
      <Filter>ThirdParty\CicmWrapper\Sources</Filter>
    </ClCompile>
  </ItemGroup>
  <ItemGroup>
    <ClInclude Include="hoa.library.hpp" />
    <ClInclude Include="ThirdParty\CicmWrapper\Sources\cicm_wrapper.h">
      <Filter>ThirdParty\CicmWrapper\Sources</Filter>
    </ClInclude>
    <ClInclude Include="ThirdParty\CicmWrapper\Sources\ebox.h">
      <Filter>ThirdParty\CicmWrapper\Sources</Filter>
    </ClInclude>
    <ClInclude Include="ThirdParty\CicmWrapper\Sources\eclass.h">
      <Filter>ThirdParty\CicmWrapper\Sources</Filter>
    </ClInclude>
    <ClInclude Include="ThirdParty\CicmWrapper\Sources\ecommon.h">
      <Filter>ThirdParty\CicmWrapper\Sources</Filter>
    </ClInclude>
    <ClInclude Include="ThirdParty\CicmWrapper\Sources\edefine.h">
      <Filter>ThirdParty\CicmWrapper\Sources</Filter>
    </ClInclude>
    <ClInclude Include="ThirdParty\CicmWrapper\Sources\egraphics.h">
      <Filter>ThirdParty\CicmWrapper\Sources</Filter>
    </ClInclude>
    <ClInclude Include="ThirdParty\CicmWrapper\Sources\enative.h">
      <Filter>ThirdParty\CicmWrapper\Sources</Filter>
    </ClInclude>
    <ClInclude Include="ThirdParty\CicmWrapper\Sources\eobj.h">
      <Filter>ThirdParty\CicmWrapper\Sources</Filter>
    </ClInclude>
    <ClInclude Include="ThirdParty\CicmWrapper\Sources\epdmax.h">
      <Filter>ThirdParty\CicmWrapper\Sources</Filter>
    </ClInclude>
    <ClInclude Include="ThirdParty\CicmWrapper\Sources\epopup.h">
      <Filter>ThirdParty\CicmWrapper\Sources</Filter>
    </ClInclude>
    <ClInclude Include="ThirdParty\HoaLibrary\Sources\Decoder.hpp">
      <Filter>ThirdParty\HoaLibrary\Sources</Filter>
    </ClInclude>
    <ClInclude Include="ThirdParty\HoaLibrary\Sources\Defs.hpp">
      <Filter>ThirdParty\HoaLibrary\Sources</Filter>
    </ClInclude>
    <ClInclude Include="ThirdParty\HoaLibrary\Sources\Encoder.hpp">
      <Filter>ThirdParty\HoaLibrary\Sources</Filter>
    </ClInclude>
    <ClInclude Include="ThirdParty\HoaLibrary\Sources\Exchanger.hpp">
      <Filter>ThirdParty\HoaLibrary\Sources</Filter>
    </ClInclude>
    <ClInclude Include="ThirdParty\HoaLibrary\Sources\Harmonics.hpp">
      <Filter>ThirdParty\HoaLibrary\Sources</Filter>
    </ClInclude>
    <ClInclude Include="ThirdParty\HoaLibrary\Sources\Hoa.hpp">
      <Filter>ThirdParty\HoaLibrary\Sources</Filter>
    </ClInclude>
    <ClInclude Include="ThirdParty\HoaLibrary\Sources\Hrir.hpp">
      <Filter>ThirdParty\HoaLibrary\Sources</Filter>
    </ClInclude>
    <ClInclude Include="ThirdParty\HoaLibrary\Sources\HrirIrc1002C2D.hpp">
      <Filter>ThirdParty\HoaLibrary\Sources</Filter>
    </ClInclude>
    <ClInclude Include="ThirdParty\HoaLibrary\Sources\HrirIrc1002C3D.hpp">
      <Filter>ThirdParty\HoaLibrary\Sources</Filter>
    </ClInclude>
    <ClInclude Include="ThirdParty\HoaLibrary\Sources\Math.hpp">
      <Filter>ThirdParty\HoaLibrary\Sources</Filter>
    </ClInclude>
    <ClInclude Include="ThirdParty\HoaLibrary\Sources\Meter.hpp">
      <Filter>ThirdParty\HoaLibrary\Sources</Filter>
    </ClInclude>
    <ClInclude Include="ThirdParty\HoaLibrary\Sources\Optim.hpp">
      <Filter>ThirdParty\HoaLibrary\Sources</Filter>
    </ClInclude>
    <ClInclude Include="ThirdParty\HoaLibrary\Sources\Planewaves.hpp">
      <Filter>ThirdParty\HoaLibrary\Sources</Filter>
    </ClInclude>
    <ClInclude Include="ThirdParty\HoaLibrary\Sources\Processor.hpp">
      <Filter>ThirdParty\HoaLibrary\Sources</Filter>
    </ClInclude>
    <ClInclude Include="ThirdParty\HoaLibrary\Sources\Projector.hpp">
      <Filter>ThirdParty\HoaLibrary\Sources</Filter>
    </ClInclude>
    <ClInclude Include="ThirdParty\HoaLibrary\Sources\Recomposer.hpp">
      <Filter>ThirdParty\HoaLibrary\Sources</Filter>
    </ClInclude>
    <ClInclude Include="ThirdParty\HoaLibrary\Sources\Rotate.hpp">
      <Filter>ThirdParty\HoaLibrary\Sources</Filter>
    </ClInclude>
    <ClInclude Include="ThirdParty\HoaLibrary\Sources\Scope.hpp">
      <Filter>ThirdParty\HoaLibrary\Sources</Filter>
    </ClInclude>
    <ClInclude Include="ThirdParty\HoaLibrary\Sources\Signal.hpp">
      <Filter>ThirdParty\HoaLibrary\Sources</Filter>
    </ClInclude>
    <ClInclude Include="ThirdParty\HoaLibrary\Sources\Source.hpp">
      <Filter>ThirdParty\HoaLibrary\Sources</Filter>
    </ClInclude>
    <ClInclude Include="ThirdParty\HoaLibrary\Sources\Tools.hpp">
      <Filter>ThirdParty\HoaLibrary\Sources</Filter>
    </ClInclude>
    <ClInclude Include="ThirdParty\HoaLibrary\Sources\Vector.hpp">
      <Filter>ThirdParty\HoaLibrary\Sources</Filter>
    </ClInclude>
    <ClInclude Include="ThirdParty\HoaLibrary\Sources\Voronoi.hpp">
      <Filter>ThirdParty\HoaLibrary\Sources</Filter>
    </ClInclude>
    <ClInclude Include="ThirdParty\HoaLibrary\Sources\Wider.hpp">
      <Filter>ThirdParty\HoaLibrary\Sources</Filter>
    </ClInclude>
  </ItemGroup>
  <ItemGroup>
    <Filter Include="Sources">
      <UniqueIdentifier>{b3aebb6f-543d-4596-8dbd-9bb37a409a5f}</UniqueIdentifier>
    </Filter>
    <Filter Include="ThirdParty">
      <UniqueIdentifier>{6eefb62e-ee0d-4771-930b-007d3a4ec40a}</UniqueIdentifier>
    </Filter>
    <Filter Include="ThirdParty\CicmWrapper">
      <UniqueIdentifier>{1eb5fb40-43d7-4805-96e3-972965a43934}</UniqueIdentifier>
    </Filter>
    <Filter Include="ThirdParty\HoaLibrary">
      <UniqueIdentifier>{9f897de8-2ae3-4e59-ab38-95448cfd1da4}</UniqueIdentifier>
    </Filter>
    <Filter Include="ThirdParty\HoaLibrary\Sources">
      <UniqueIdentifier>{46d51b5e-cd3e-4313-8573-8fa47ad8b0e4}</UniqueIdentifier>
    </Filter>
    <Filter Include="ThirdParty\CicmWrapper\Sources">
      <UniqueIdentifier>{fc204b33-a443-4b12-a141-66a1ba2dbae9}</UniqueIdentifier>
    </Filter>
  </ItemGroup>
</Project>