<?xml version="1.0" encoding="UTF-8" standalone="yes" ?>
<CodeBlocks_project_file>
	<FileVersion major="1" minor="6" />
	<Project>
		<Option title="hoa.library" />
		<Option pch_mode="2" />
		<Option compiler="gcc" />
		<Build>
			<Target title="Release">
				<Option output="Package/Hoa/hoa.pd_linux" prefix_auto="0" extension_auto="0" />
				<Option working_dir="Linux" />
				<Option object_output="Linux" />
				<Option type="3" />
				<Option compiler="gcc" />
				<Option createDefFile="1" />
				<Option createStaticLib="1" />
				<Compiler>
					<Add option="-O2" />
					<Add option="-fPIC" />
					<Add option="-fpermissive" />
					<Add option="-D_LINUX" />
					<Add directory="../ThirdParty/CBlas/Linux64/lib/" />
					<Add directory="../ThirdParty/CBlas/Linux64/include/" />
				</Compiler>
				<Linker>
					<Add option="-s" />
					<Add option="-fPIC" />
					<Add library="libblas.a" />
					<Add directory="../ThirdParty/CBlas/Linux64/lib/" />
					<Add directory="../ThirdParty/CBlas/Linux64/include/" />
				</Linker>
			</Target>
			<Target title="Release32">
				<Option output="Package/Hoa/hoa.pd_linux" prefix_auto="0" extension_auto="0" />
				<Option working_dir="Linux" />
				<Option object_output="Linux" />
				<Option type="3" />
				<Option compiler="gcc" />
				<Option createDefFile="1" />
				<Option createStaticLib="1" />
				<Compiler>
					<Add option="-O3" />
					<Add option="-fPIC" />
					<Add option="-m32" />
					<Add option="-D_LINUX" />
					<Add directory="../ThirdParty/CBlas/Linux32/lib" />
					<Add directory="../ThirdParty/CBlas/Linux32/include" />
				</Compiler>
				<Linker>
					<Add option="-s" />
					<Add option="-fPIC" />
					<Add option="-m32" />
					<Add library="libblas.a" />
					<Add directory="../ThirdParty/CBlas/Linux32/lib" />
					<Add directory="../ThirdParty/CBlas/Linux32/include" />
				</Linker>
			</Target>
			<Target title="Release_extented">
				<Option output="Package/Hoa/hoa.pd_linux" prefix_auto="0" extension_auto="0" />
				<Option working_dir="Linux" />
				<Option object_output="Linux" />
				<Option type="3" />
				<Option compiler="gcc" />
				<Option createDefFile="1" />
				<Option createStaticLib="1" />
				<Compiler>
					<Add option="-O2" />
					<Add option="-fPIC" />
					<Add option="-fpermissive" />
					<Add option="-D_LINUX" />
					<Add option="-DPD_EXTENTED=1" />
					<Add directory="../ThirdParty/CBlas/Linux64/lib/" />
					<Add directory="../ThirdParty/CBlas/Linux64/include/" />
				</Compiler>
				<Linker>
					<Add option="-s" />
					<Add option="-fPIC" />
					<Add library="libblas.a" />
					<Add directory="../ThirdParty/CBlas/Linux64/lib/" />
					<Add directory="../ThirdParty/CBlas/Linux64/include/" />
				</Linker>
			</Target>
			<Target title="Release32_extented">
				<Option output="Package/Hoa/hoa.pd_linux" prefix_auto="0" extension_auto="0" />
				<Option working_dir="Linux" />
				<Option object_output="Linux" />
				<Option type="3" />
				<Option compiler="gcc" />
				<Option createDefFile="1" />
				<Option createStaticLib="1" />
				<Compiler>
					<Add option="-O3" />
					<Add option="-fPIC" />
					<Add option="-m32" />
					<Add option="-D_LINUX" />
					<Add option="-DPD_EXTENTED=1" />
					<Add directory="../ThirdParty/CBlas/Linux32/lib" />
					<Add directory="../ThirdParty/CBlas/Linux32/include" />
				</Compiler>
				<Linker>
					<Add option="-s" />
					<Add option="-fPIC" />
					<Add option="-m32" />
					<Add library="libblas.a" />
					<Add directory="../ThirdParty/CBlas/Linux32/lib" />
					<Add directory="../ThirdParty/CBlas/Linux32/include" />
				</Linker>
			</Target>
		</Build>
		<Compiler>
			<Add option="-Wall" />
		</Compiler>
		<Unit filename="Sources/hoa.decoder_tilde.cpp" />
		<Unit filename="Sources/hoa.encoder_tilde.cpp" />
		<Unit filename="Sources/hoa.io.cpp" />
		<Unit filename="Sources/hoa.map_gui.cpp" />
		<Unit filename="Sources/hoa.map_tilde.cpp" />
		<Unit filename="Sources/hoa.meter_gui_tilde.cpp" />
		<Unit filename="Sources/hoa.optim_tilde.cpp" />
		<Unit filename="Sources/hoa.process_tilde.cpp" />
		<Unit filename="Sources/hoa.projector_tilde.cpp" />
		<Unit filename="Sources/hoa.recomposer_tilde.cpp" />
		<Unit filename="Sources/hoa.rotate_tilde.cpp" />
		<Unit filename="Sources/hoa.scope_gui_tilde.cpp" />
		<Unit filename="Sources/hoa.space_gui.cpp" />
		<Unit filename="Sources/hoa.tools.cpp" />
		<Unit filename="Sources/hoa.wider_tilde.cpp" />
		<Unit filename="ThirdParty/CicmWrapper/Sources/cicm_wrapper.h" />
		<Unit filename="ThirdParty/CicmWrapper/Sources/ebox/ebox.h" />
		<Unit filename="ThirdParty/CicmWrapper/Sources/ebox/ebox_attr.c">
			<Option compilerVar="CC" />
		</Unit>
		<Unit filename="ThirdParty/CicmWrapper/Sources/ebox/ebox_basic.c">
			<Option compilerVar="CC" />
		</Unit>
		<Unit filename="ThirdParty/CicmWrapper/Sources/ebox/ebox_draw.c">
			<Option compilerVar="CC" />
		</Unit>
		<Unit filename="ThirdParty/CicmWrapper/Sources/ebox/ebox_handle.c">
			<Option compilerVar="CC" />
		</Unit>
		<Unit filename="ThirdParty/CicmWrapper/Sources/ebox/ebox_patcher.c">
			<Option compilerVar="CC" />
		</Unit>
		<Unit filename="ThirdParty/CicmWrapper/Sources/ebox/ebox_window.c">
			<Option compilerVar="CC" />
		</Unit>
		<Unit filename="ThirdParty/CicmWrapper/Sources/eclass/eclass.h" />
		<Unit filename="ThirdParty/CicmWrapper/Sources/eclass/eclass_attrgetter.c">
			<Option compilerVar="CC" />
		</Unit>
		<Unit filename="ThirdParty/CicmWrapper/Sources/eclass/eclass_attrnew.c">
			<Option compilerVar="CC" />
		</Unit>
		<Unit filename="ThirdParty/CicmWrapper/Sources/eclass/eclass_attroptions.c">
			<Option compilerVar="CC" />
		</Unit>
		<Unit filename="ThirdParty/CicmWrapper/Sources/eclass/eclass_attrsetter.c">
			<Option compilerVar="CC" />
		</Unit>
		<Unit filename="ThirdParty/CicmWrapper/Sources/eclass/eclass_basic.c">
			<Option compilerVar="CC" />
		</Unit>
		<Unit filename="ThirdParty/CicmWrapper/Sources/eclass/eclass_widget.c">
			<Option compilerVar="CC" />
		</Unit>
		<Unit filename="ThirdParty/CicmWrapper/Sources/ecommon/d_ugen.c">
			<Option compilerVar="CC" />
		</Unit>
		<Unit filename="ThirdParty/CicmWrapper/Sources/ecommon/d_ugen.h" />
		<Unit filename="ThirdParty/CicmWrapper/Sources/ecommon/eboxflag.h" />
		<Unit filename="ThirdParty/CicmWrapper/Sources/ecommon/ecommon.c">
			<Option compilerVar="CC" />
		</Unit>
		<Unit filename="ThirdParty/CicmWrapper/Sources/ecommon/ecommon.h" />
		<Unit filename="ThirdParty/CicmWrapper/Sources/ecommon/pd-extended/g_canvas.h" />
		<Unit filename="ThirdParty/CicmWrapper/Sources/ecommon/pd-extended/m_imp.h" />
		<Unit filename="ThirdParty/CicmWrapper/Sources/ecommon/pd-extended/m_pd.h" />
		<Unit filename="ThirdParty/CicmWrapper/Sources/ecommon/pd-extended/s_stuff.h" />
		<Unit filename="ThirdParty/CicmWrapper/Sources/ecommon/pd-vanilla/g_canvas.h" />
		<Unit filename="ThirdParty/CicmWrapper/Sources/ecommon/pd-vanilla/m_imp.h" />
		<Unit filename="ThirdParty/CicmWrapper/Sources/ecommon/pd-vanilla/m_pd.h" />
		<Unit filename="ThirdParty/CicmWrapper/Sources/ecommon/pd-vanilla/s_stuff.h" />
		<Unit filename="ThirdParty/CicmWrapper/Sources/egraphics/egraphics.c">
			<Option compilerVar="CC" />
		</Unit>
		<Unit filename="ThirdParty/CicmWrapper/Sources/egraphics/egraphics.h" />
		<Unit filename="ThirdParty/CicmWrapper/Sources/egraphics/egraphics_color.c">
			<Option compilerVar="CC" />
		</Unit>
		<Unit filename="ThirdParty/CicmWrapper/Sources/egraphics/egraphics_forms.c">
			<Option compilerVar="CC" />
		</Unit>
		<Unit filename="ThirdParty/CicmWrapper/Sources/egraphics/egraphics_matrix.c">
			<Option compilerVar="CC" />
		</Unit>
		<Unit filename="ThirdParty/CicmWrapper/Sources/egraphics/egraphics_text.c">
			<Option compilerVar="CC" />
		</Unit>
		<Unit filename="ThirdParty/CicmWrapper/Sources/eobj/eobj.h" />
		<Unit filename="ThirdParty/CicmWrapper/Sources/eobj/eobj_basic.c">
			<Option compilerVar="CC" />
		</Unit>
		<Unit filename="ThirdParty/CicmWrapper/Sources/eobj/eobj_dsp.c">
			<Option compilerVar="CC" />
		</Unit>
		<Unit filename="ThirdParty/CicmWrapper/Sources/eobj/eobj_handle.c">
			<Option compilerVar="CC" />
		</Unit>
		<Unit filename="ThirdParty/CicmWrapper/Sources/eobj/eobj_proxy.c">
			<Option compilerVar="CC" />
		</Unit>
		<Unit filename="ThirdParty/CicmWrapper/Sources/eobj/eobj_router.c">
			<Option compilerVar="CC" />
		</Unit>
		<Unit filename="ThirdParty/CicmWrapper/Sources/epd.h" />
		<Unit filename="ThirdParty/CicmWrapper/Sources/epd_max.h" />
		<Unit filename="ThirdParty/CicmWrapper/Sources/epopup/epopup.c">
			<Option compilerVar="CC" />
		</Unit>
		<Unit filename="ThirdParty/CicmWrapper/Sources/epopup/epopup.h" />
		<Unit filename="ThirdParty/CicmWrapper/Sources/estruct.h" />
		<Unit filename="ThirdParty/HoaLibrary/Sources/Decoder.hpp" />
		<Unit filename="ThirdParty/HoaLibrary/Sources/Defs.hpp" />
		<Unit filename="ThirdParty/HoaLibrary/Sources/Encoder.hpp" />
		<Unit filename="ThirdParty/HoaLibrary/Sources/Harmonics.hpp" />
		<Unit filename="ThirdParty/HoaLibrary/Sources/Hoa.hpp" />
		<Unit filename="ThirdParty/HoaLibrary/Sources/Hrtf.hpp" />
		<Unit filename="ThirdParty/HoaLibrary/Sources/Math.hpp" />
		<Unit filename="ThirdParty/HoaLibrary/Sources/Meter.hpp" />
		<Unit filename="ThirdParty/HoaLibrary/Sources/Optim.hpp" />
		<Unit filename="ThirdParty/HoaLibrary/Sources/Planewaves.hpp" />
		<Unit filename="ThirdParty/HoaLibrary/Sources/Processor.hpp" />
		<Unit filename="ThirdParty/HoaLibrary/Sources/Projector.hpp" />
		<Unit filename="ThirdParty/HoaLibrary/Sources/Recomposer.hpp" />
		<Unit filename="ThirdParty/HoaLibrary/Sources/Rotate.hpp" />
		<Unit filename="ThirdParty/HoaLibrary/Sources/Scope.hpp" />
		<Unit filename="ThirdParty/HoaLibrary/Sources/Signal.hpp" />
		<Unit filename="ThirdParty/HoaLibrary/Sources/Source.hpp" />
		<Unit filename="ThirdParty/HoaLibrary/Sources/Tools.hpp" />
		<Unit filename="ThirdParty/HoaLibrary/Sources/Vector.hpp" />
		<Unit filename="ThirdParty/HoaLibrary/Sources/Voronoi.hpp" />
		<Unit filename="ThirdParty/HoaLibrary/Sources/Wider.hpp" />
		<Unit filename="hoa.library.cpp" />
		<Unit filename="hoa.library.h" />
		<Extensions>
			<envvars />
			<code_completion />
			<debugger />
			<lib_finder disable_auto="1" />
		</Extensions>
	</Project>
</CodeBlocks_project_file>
